// !$*UTF8*$!
{
	archiveVersion = 1;
	classes = {
	};
	objectVersion = 47;
	objects = {

/* Begin PBXBuildFile section */
		471318571CCDACD1005FEABB /* CrossPlatform.swift in Sources */ = {isa = PBXBuildFile; fileRef = 471318561CCDACD1005FEABB /* CrossPlatform.swift */; };
		471318591CCDB27E005FEABB /* SVGColor+Hex.swift in Sources */ = {isa = PBXBuildFile; fileRef = 471318581CCDB27E005FEABB /* SVGColor+Hex.swift */; };
		471BB7621CCD889300871570 /* SVGView.swift in Sources */ = {isa = PBXBuildFile; fileRef = 471BB7611CCD889300871570 /* SVGView.swift */; };
		47386B991CCDFCE70017DDB8 /* Vectorized.h in Headers */ = {isa = PBXBuildFile; fileRef = 47386B981CCDFCE70017DDB8 /* Vectorized.h */; settings = {ATTRIBUTES = (Public, ); }; };
		476B01DB1CCC8EE2003510D3 /* SVGParser.swift in Sources */ = {isa = PBXBuildFile; fileRef = 476B01DA1CCC8EE2003510D3 /* SVGParser.swift */; };
		476BB45A1CCC9AEF000D49E2 /* SVGGroup.swift in Sources */ = {isa = PBXBuildFile; fileRef = 476BB4551CCC9AEF000D49E2 /* SVGGroup.swift */; };
		476BB45B1CCC9AEF000D49E2 /* SVGLinearGradient.swift in Sources */ = {isa = PBXBuildFile; fileRef = 476BB4561CCC9AEF000D49E2 /* SVGLinearGradient.swift */; };
		476BB45C1CCC9AEF000D49E2 /* SVGPath.swift in Sources */ = {isa = PBXBuildFile; fileRef = 476BB4571CCC9AEF000D49E2 /* SVGPath.swift */; };
		476BB45D1CCC9AEF000D49E2 /* SVGRadialGradient.swift in Sources */ = {isa = PBXBuildFile; fileRef = 476BB4581CCC9AEF000D49E2 /* SVGRadialGradient.swift */; };
		476BB45E1CCC9AEF000D49E2 /* SVGText.swift in Sources */ = {isa = PBXBuildFile; fileRef = 476BB4591CCC9AEF000D49E2 /* SVGText.swift */; };
		476BB4671CCCA9DF000D49E2 /* SVGDrawable.swift in Sources */ = {isa = PBXBuildFile; fileRef = 476BB4641CCCA9DF000D49E2 /* SVGDrawable.swift */; };
		476BB4681CCCA9DF000D49E2 /* SVGFillable.swift in Sources */ = {isa = PBXBuildFile; fileRef = 476BB4651CCCA9DF000D49E2 /* SVGFillable.swift */; };
		476BB4691CCCA9DF000D49E2 /* SVGGradient.swift in Sources */ = {isa = PBXBuildFile; fileRef = 476BB4661CCCA9DF000D49E2 /* SVGGradient.swift */; };
		476BB46C1CCCACAC000D49E2 /* SVGVectorImage.swift in Sources */ = {isa = PBXBuildFile; fileRef = 476BB46B1CCCACAC000D49E2 /* SVGVectorImage.swift */; };
		476BB46E1CCCBA0B000D49E2 /* SVGBezierPath.swift in Sources */ = {isa = PBXBuildFile; fileRef = 476BB46D1CCCBA0B000D49E2 /* SVGBezierPath.swift */; };
		47D6996B1CCE07C300553899 /* CrossPlatform.swift in Sources */ = {isa = PBXBuildFile; fileRef = 471318561CCDACD1005FEABB /* CrossPlatform.swift */; };
		47D6996C1CCE07C300553899 /* SVGGroup.swift in Sources */ = {isa = PBXBuildFile; fileRef = 476BB4551CCC9AEF000D49E2 /* SVGGroup.swift */; };
		47D6996D1CCE07C300553899 /* SVGLinearGradient.swift in Sources */ = {isa = PBXBuildFile; fileRef = 476BB4561CCC9AEF000D49E2 /* SVGLinearGradient.swift */; };
		47D6996E1CCE07C300553899 /* SVGParser.swift in Sources */ = {isa = PBXBuildFile; fileRef = 476B01DA1CCC8EE2003510D3 /* SVGParser.swift */; };
		47D6996F1CCE07C300553899 /* SVGPath.swift in Sources */ = {isa = PBXBuildFile; fileRef = 476BB4571CCC9AEF000D49E2 /* SVGPath.swift */; };
		47D699701CCE07C300553899 /* SVGRadialGradient.swift in Sources */ = {isa = PBXBuildFile; fileRef = 476BB4581CCC9AEF000D49E2 /* SVGRadialGradient.swift */; };
		47D699711CCE07C300553899 /* SVGText.swift in Sources */ = {isa = PBXBuildFile; fileRef = 476BB4591CCC9AEF000D49E2 /* SVGText.swift */; };
		47D699721CCE07C300553899 /* SVGVectorImage.swift in Sources */ = {isa = PBXBuildFile; fileRef = 476BB46B1CCCACAC000D49E2 /* SVGVectorImage.swift */; };
		47D699731CCE07C300553899 /* SVGBezierPath.swift in Sources */ = {isa = PBXBuildFile; fileRef = 476BB46D1CCCBA0B000D49E2 /* SVGBezierPath.swift */; };
		47D699741CCE07C300553899 /* SVGColor+Hex.swift in Sources */ = {isa = PBXBuildFile; fileRef = 471318581CCDB27E005FEABB /* SVGColor+Hex.swift */; };
		47D699751CCE07C800553899 /* SVGDrawable.swift in Sources */ = {isa = PBXBuildFile; fileRef = 476BB4641CCCA9DF000D49E2 /* SVGDrawable.swift */; };
		47D699761CCE07C800553899 /* SVGFillable.swift in Sources */ = {isa = PBXBuildFile; fileRef = 476BB4651CCCA9DF000D49E2 /* SVGFillable.swift */; };
		47D699771CCE07C800553899 /* SVGGradient.swift in Sources */ = {isa = PBXBuildFile; fileRef = 476BB4661CCCA9DF000D49E2 /* SVGGradient.swift */; };
		47D699781CCE07CC00553899 /* SVGView.swift in Sources */ = {isa = PBXBuildFile; fileRef = 471BB7611CCD889300871570 /* SVGView.swift */; };
/* End PBXBuildFile section */

/* Begin PBXCopyFilesBuildPhase section */
		471BB7941CCD8E1500871570 /* CopyFiles */ = {
			isa = PBXCopyFilesBuildPhase;
			buildActionMask = 2147483647;
			dstPath = "";
			dstSubfolderSpec = 10;
			files = (
			);
			runOnlyForDeploymentPostprocessing = 0;
		};
		47657E371CCE813100A4424A /* CopyFiles */ = {
			isa = PBXCopyFilesBuildPhase;
			buildActionMask = 2147483647;
			dstPath = "";
			dstSubfolderSpec = 10;
			files = (
			);
			runOnlyForDeploymentPostprocessing = 0;
		};
/* End PBXCopyFilesBuildPhase section */

/* Begin PBXFileReference section */
		471318431CCDA952005FEABB /* Project-Common.xcconfig */ = {isa = PBXFileReference; fileEncoding = 4; lastKnownFileType = text.xcconfig; name = "Project-Common.xcconfig"; path = "Carthage/Checkouts/AlienXcode/Configurations/Common/Project-Common.xcconfig"; sourceTree = "<group>"; };
		471318441CCDA952005FEABB /* Project-Debug.xcconfig */ = {isa = PBXFileReference; fileEncoding = 4; lastKnownFileType = text.xcconfig; name = "Project-Debug.xcconfig"; path = "Carthage/Checkouts/AlienXcode/Configurations/Common/Project-Debug.xcconfig"; sourceTree = "<group>"; };
		471318451CCDA952005FEABB /* Project-Release.xcconfig */ = {isa = PBXFileReference; fileEncoding = 4; lastKnownFileType = text.xcconfig; name = "Project-Release.xcconfig"; path = "Carthage/Checkouts/AlienXcode/Configurations/Common/Project-Release.xcconfig"; sourceTree = "<group>"; };
		471318461CCDA952005FEABB /* Target-Common.xcconfig */ = {isa = PBXFileReference; fileEncoding = 4; lastKnownFileType = text.xcconfig; name = "Target-Common.xcconfig"; path = "Carthage/Checkouts/AlienXcode/Configurations/Common/Target-Common.xcconfig"; sourceTree = "<group>"; };
		471318471CCDA952005FEABB /* Target-Debug.xcconfig */ = {isa = PBXFileReference; fileEncoding = 4; lastKnownFileType = text.xcconfig; name = "Target-Debug.xcconfig"; path = "Carthage/Checkouts/AlienXcode/Configurations/Common/Target-Debug.xcconfig"; sourceTree = "<group>"; };
		471318481CCDA952005FEABB /* Target-Release.xcconfig */ = {isa = PBXFileReference; fileEncoding = 4; lastKnownFileType = text.xcconfig; name = "Target-Release.xcconfig"; path = "Carthage/Checkouts/AlienXcode/Configurations/Common/Target-Release.xcconfig"; sourceTree = "<group>"; };
		471318561CCDACD1005FEABB /* CrossPlatform.swift */ = {isa = PBXFileReference; fileEncoding = 4; lastKnownFileType = sourcecode.swift; path = CrossPlatform.swift; sourceTree = "<group>"; };
		471318581CCDB27E005FEABB /* SVGColor+Hex.swift */ = {isa = PBXFileReference; fileEncoding = 4; lastKnownFileType = sourcecode.swift; path = "SVGColor+Hex.swift"; sourceTree = "<group>"; };
		471318621CCDD6BB005FEABB /* Mac-Target-Common.xcconfig */ = {isa = PBXFileReference; lastKnownFileType = text.xcconfig; name = "Mac-Target-Common.xcconfig"; path = "Carthage/Checkouts/AlienXcode/Configurations/Mac/Mac-Target-Common.xcconfig"; sourceTree = "<group>"; };
		471318631CCDD6BB005FEABB /* Mac-Target-Debug.xcconfig */ = {isa = PBXFileReference; lastKnownFileType = text.xcconfig; name = "Mac-Target-Debug.xcconfig"; path = "Carthage/Checkouts/AlienXcode/Configurations/Mac/Mac-Target-Debug.xcconfig"; sourceTree = "<group>"; };
		471318641CCDD6BB005FEABB /* Mac-Target-Release.xcconfig */ = {isa = PBXFileReference; lastKnownFileType = text.xcconfig; name = "Mac-Target-Release.xcconfig"; path = "Carthage/Checkouts/AlienXcode/Configurations/Mac/Mac-Target-Release.xcconfig"; sourceTree = "<group>"; };
		471318651CCDDD54005FEABB /* Framework-Target-Common.xcconfig */ = {isa = PBXFileReference; lastKnownFileType = text.xcconfig; name = "Framework-Target-Common.xcconfig"; path = "Carthage/Checkouts/AlienXcode/Configurations/Common/Framework-Target-Common.xcconfig"; sourceTree = "<group>"; };
		471318661CCDDD54005FEABB /* Framework-Target-Debug.xcconfig */ = {isa = PBXFileReference; lastKnownFileType = text.xcconfig; name = "Framework-Target-Debug.xcconfig"; path = "Carthage/Checkouts/AlienXcode/Configurations/Common/Framework-Target-Debug.xcconfig"; sourceTree = "<group>"; };
		471318671CCDDD54005FEABB /* Framework-Target-Release.xcconfig */ = {isa = PBXFileReference; lastKnownFileType = text.xcconfig; name = "Framework-Target-Release.xcconfig"; path = "Carthage/Checkouts/AlienXcode/Configurations/Common/Framework-Target-Release.xcconfig"; sourceTree = "<group>"; };
		471318681CCDDD64005FEABB /* Mac-Framework-Common.xcconfig */ = {isa = PBXFileReference; lastKnownFileType = text.xcconfig; name = "Mac-Framework-Common.xcconfig"; path = "Carthage/Checkouts/AlienXcode/Configurations/Mac/Mac-Framework-Common.xcconfig"; sourceTree = "<group>"; };
		471318691CCDDD64005FEABB /* Mac-Framework-Debug.xcconfig */ = {isa = PBXFileReference; lastKnownFileType = text.xcconfig; name = "Mac-Framework-Debug.xcconfig"; path = "Carthage/Checkouts/AlienXcode/Configurations/Mac/Mac-Framework-Debug.xcconfig"; sourceTree = "<group>"; };
		4713186A1CCDDD64005FEABB /* Mac-Framework-Release.xcconfig */ = {isa = PBXFileReference; lastKnownFileType = text.xcconfig; name = "Mac-Framework-Release.xcconfig"; path = "Carthage/Checkouts/AlienXcode/Configurations/Mac/Mac-Framework-Release.xcconfig"; sourceTree = "<group>"; };
		4713186C1CCDDF6F005FEABB /* iOS-Target-Common.xcconfig */ = {isa = PBXFileReference; lastKnownFileType = text.xcconfig; name = "iOS-Target-Common.xcconfig"; path = "Carthage/Checkouts/AlienXcode/Configurations/iOS/iOS-Target-Common.xcconfig"; sourceTree = "<group>"; };
		4713186D1CCDDF6F005FEABB /* iOS-Target-Debug.xcconfig */ = {isa = PBXFileReference; lastKnownFileType = text.xcconfig; name = "iOS-Target-Debug.xcconfig"; path = "Carthage/Checkouts/AlienXcode/Configurations/iOS/iOS-Target-Debug.xcconfig"; sourceTree = "<group>"; };
		4713186E1CCDDF6F005FEABB /* iOS-Target-Release.xcconfig */ = {isa = PBXFileReference; lastKnownFileType = text.xcconfig; name = "iOS-Target-Release.xcconfig"; path = "Carthage/Checkouts/AlienXcode/Configurations/iOS/iOS-Target-Release.xcconfig"; sourceTree = "<group>"; };
		471318771CCDE330005FEABB /* Vectorized.framework */ = {isa = PBXFileReference; explicitFileType = wrapper.framework; includeInIndex = 0; path = Vectorized.framework; sourceTree = BUILT_PRODUCTS_DIR; };
		4713187F1CCDE3D0005FEABB /* iOS-Framework-Common.xcconfig */ = {isa = PBXFileReference; lastKnownFileType = text.xcconfig; name = "iOS-Framework-Common.xcconfig"; path = "Carthage/Checkouts/AlienXcode/Configurations/iOS/iOS-Framework-Common.xcconfig"; sourceTree = "<group>"; };
		471318801CCDE3D0005FEABB /* iOS-Framework-Debug.xcconfig */ = {isa = PBXFileReference; lastKnownFileType = text.xcconfig; name = "iOS-Framework-Debug.xcconfig"; path = "Carthage/Checkouts/AlienXcode/Configurations/iOS/iOS-Framework-Debug.xcconfig"; sourceTree = "<group>"; };
		471318811CCDE3D0005FEABB /* iOS-Framework-Release.xcconfig */ = {isa = PBXFileReference; lastKnownFileType = text.xcconfig; name = "iOS-Framework-Release.xcconfig"; path = "Carthage/Checkouts/AlienXcode/Configurations/iOS/iOS-Framework-Release.xcconfig"; sourceTree = "<group>"; };
		471BB7611CCD889300871570 /* SVGView.swift */ = {isa = PBXFileReference; fileEncoding = 4; lastKnownFileType = sourcecode.swift; path = SVGView.swift; sourceTree = "<group>"; };
		47386B981CCDFCE70017DDB8 /* Vectorized.h */ = {isa = PBXFileReference; fileEncoding = 4; lastKnownFileType = sourcecode.c.h; path = Vectorized.h; sourceTree = "<group>"; };
		476B01C81CCC89F2003510D3 /* Vectorized.framework */ = {isa = PBXFileReference; explicitFileType = wrapper.framework; includeInIndex = 0; path = Vectorized.framework; sourceTree = BUILT_PRODUCTS_DIR; };
		476B01CD1CCC89F2003510D3 /* Vectorized-Info.plist */ = {isa = PBXFileReference; lastKnownFileType = text.plist.xml; path = "Vectorized-Info.plist"; sourceTree = "<group>"; };
		476B01DA1CCC8EE2003510D3 /* SVGParser.swift */ = {isa = PBXFileReference; fileEncoding = 4; lastKnownFileType = sourcecode.swift; path = SVGParser.swift; sourceTree = "<group>"; };
		476BB4551CCC9AEF000D49E2 /* SVGGroup.swift */ = {isa = PBXFileReference; fileEncoding = 4; lastKnownFileType = sourcecode.swift; path = SVGGroup.swift; sourceTree = "<group>"; };
		476BB4561CCC9AEF000D49E2 /* SVGLinearGradient.swift */ = {isa = PBXFileReference; fileEncoding = 4; lastKnownFileType = sourcecode.swift; path = SVGLinearGradient.swift; sourceTree = "<group>"; };
		476BB4571CCC9AEF000D49E2 /* SVGPath.swift */ = {isa = PBXFileReference; fileEncoding = 4; lastKnownFileType = sourcecode.swift; path = SVGPath.swift; sourceTree = "<group>"; };
		476BB4581CCC9AEF000D49E2 /* SVGRadialGradient.swift */ = {isa = PBXFileReference; fileEncoding = 4; lastKnownFileType = sourcecode.swift; path = SVGRadialGradient.swift; sourceTree = "<group>"; };
		476BB4591CCC9AEF000D49E2 /* SVGText.swift */ = {isa = PBXFileReference; fileEncoding = 4; lastKnownFileType = sourcecode.swift; path = SVGText.swift; sourceTree = "<group>"; };
		476BB4641CCCA9DF000D49E2 /* SVGDrawable.swift */ = {isa = PBXFileReference; fileEncoding = 4; lastKnownFileType = sourcecode.swift; path = SVGDrawable.swift; sourceTree = "<group>"; };
		476BB4651CCCA9DF000D49E2 /* SVGFillable.swift */ = {isa = PBXFileReference; fileEncoding = 4; lastKnownFileType = sourcecode.swift; path = SVGFillable.swift; sourceTree = "<group>"; };
		476BB4661CCCA9DF000D49E2 /* SVGGradient.swift */ = {isa = PBXFileReference; fileEncoding = 4; lastKnownFileType = sourcecode.swift; path = SVGGradient.swift; sourceTree = "<group>"; };
		476BB46B1CCCACAC000D49E2 /* SVGVectorImage.swift */ = {isa = PBXFileReference; fileEncoding = 4; lastKnownFileType = sourcecode.swift; path = SVGVectorImage.swift; sourceTree = "<group>"; };
		476BB46D1CCCBA0B000D49E2 /* SVGBezierPath.swift */ = {isa = PBXFileReference; fileEncoding = 4; lastKnownFileType = sourcecode.swift; path = SVGBezierPath.swift; sourceTree = "<group>"; };
/* End PBXFileReference section */

/* Begin PBXFrameworksBuildPhase section */
		471318731CCDE330005FEABB /* Frameworks */ = {
			isa = PBXFrameworksBuildPhase;
			buildActionMask = 2147483647;
			files = (
			);
			runOnlyForDeploymentPostprocessing = 0;
		};
		476B01C41CCC89F2003510D3 /* Frameworks */ = {
			isa = PBXFrameworksBuildPhase;
			buildActionMask = 2147483647;
			files = (
			);
			runOnlyForDeploymentPostprocessing = 0;
		};
/* End PBXFrameworksBuildPhase section */

/* Begin PBXGroup section */
		471318411CCDA8D8005FEABB /* Configurations */ = {
			isa = PBXGroup;
			children = (
				471318421CCDA91A005FEABB /* Common */,
				4713185A1CCDD404005FEABB /* Mac */,
				471318611CCDD5D3005FEABB /* iOS */,
			);
			name = Configurations;
			sourceTree = "<group>";
		};
		471318421CCDA91A005FEABB /* Common */ = {
			isa = PBXGroup;
			children = (
				471318431CCDA952005FEABB /* Project-Common.xcconfig */,
				471318441CCDA952005FEABB /* Project-Debug.xcconfig */,
				471318451CCDA952005FEABB /* Project-Release.xcconfig */,
				471318461CCDA952005FEABB /* Target-Common.xcconfig */,
				471318471CCDA952005FEABB /* Target-Debug.xcconfig */,
				471318481CCDA952005FEABB /* Target-Release.xcconfig */,
				471318651CCDDD54005FEABB /* Framework-Target-Common.xcconfig */,
				471318661CCDDD54005FEABB /* Framework-Target-Debug.xcconfig */,
				471318671CCDDD54005FEABB /* Framework-Target-Release.xcconfig */,
			);
			name = Common;
			sourceTree = "<group>";
		};
		4713185A1CCDD404005FEABB /* Mac */ = {
			isa = PBXGroup;
			children = (
				471318621CCDD6BB005FEABB /* Mac-Target-Common.xcconfig */,
				471318631CCDD6BB005FEABB /* Mac-Target-Debug.xcconfig */,
				471318641CCDD6BB005FEABB /* Mac-Target-Release.xcconfig */,
				471318681CCDDD64005FEABB /* Mac-Framework-Common.xcconfig */,
				471318691CCDDD64005FEABB /* Mac-Framework-Debug.xcconfig */,
				4713186A1CCDDD64005FEABB /* Mac-Framework-Release.xcconfig */,
			);
			name = Mac;
			sourceTree = "<group>";
		};
		471318611CCDD5D3005FEABB /* iOS */ = {
			isa = PBXGroup;
			children = (
				4713186C1CCDDF6F005FEABB /* iOS-Target-Common.xcconfig */,
				4713186D1CCDDF6F005FEABB /* iOS-Target-Debug.xcconfig */,
				4713186E1CCDDF6F005FEABB /* iOS-Target-Release.xcconfig */,
				4713187F1CCDE3D0005FEABB /* iOS-Framework-Common.xcconfig */,
				471318801CCDE3D0005FEABB /* iOS-Framework-Debug.xcconfig */,
				471318811CCDE3D0005FEABB /* iOS-Framework-Release.xcconfig */,
			);
			name = iOS;
			sourceTree = "<group>";
		};
		471BB7601CCD885000871570 /* Views */ = {
			isa = PBXGroup;
			children = (
				471BB7611CCD889300871570 /* SVGView.swift */,
			);
			path = Views;
			sourceTree = "<group>";
		};
		47386B941CCDF1BC0017DDB8 /* Supporting Files */ = {
			isa = PBXGroup;
			children = (
				476B01CD1CCC89F2003510D3 /* Vectorized-Info.plist */,
				47386B981CCDFCE70017DDB8 /* Vectorized.h */,
			);
			path = "Supporting Files";
			sourceTree = "<group>";
		};
		47657E2E1CCE7E8F00A4424A /* Parser */ = {
			isa = PBXGroup;
			children = (
			);
			path = Parser;
			sourceTree = "<group>";
		};
		476B01BE1CCC89F2003510D3 = {
			isa = PBXGroup;
			children = (
				476B01CA1CCC89F2003510D3 /* Vectorized */,
				471318411CCDA8D8005FEABB /* Configurations */,
				476B01D61CCC8E43003510D3 /* Externals */,
				476B01C91CCC89F2003510D3 /* Products */,
			);
			sourceTree = "<group>";
		};
		476B01C91CCC89F2003510D3 /* Products */ = {
			isa = PBXGroup;
			children = (
				476B01C81CCC89F2003510D3 /* Vectorized.framework */,
				471318771CCDE330005FEABB /* Vectorized.framework */,
			);
			name = Products;
			sourceTree = "<group>";
		};
		476B01CA1CCC89F2003510D3 /* Vectorized */ = {
			isa = PBXGroup;
			children = (
				47657E2E1CCE7E8F00A4424A /* Parser */,
				476B01D31CCC8B54003510D3 /* Core */,
				471BB7601CCD885000871570 /* Views */,
				47386B941CCDF1BC0017DDB8 /* Supporting Files */,
			);
			path = Vectorized;
			sourceTree = "<group>";
		};
		476B01D31CCC8B54003510D3 /* Core */ = {
			isa = PBXGroup;
			children = (
				471318561CCDACD1005FEABB /* CrossPlatform.swift */,
				476BB4551CCC9AEF000D49E2 /* SVGGroup.swift */,
				476BB4561CCC9AEF000D49E2 /* SVGLinearGradient.swift */,
				476B01DA1CCC8EE2003510D3 /* SVGParser.swift */,
				476BB4571CCC9AEF000D49E2 /* SVGPath.swift */,
				476BB4581CCC9AEF000D49E2 /* SVGRadialGradient.swift */,
				476BB4591CCC9AEF000D49E2 /* SVGText.swift */,
				476BB46B1CCCACAC000D49E2 /* SVGVectorImage.swift */,
				476BB46D1CCCBA0B000D49E2 /* SVGBezierPath.swift */,
				471318581CCDB27E005FEABB /* SVGColor+Hex.swift */,
				476BB46A1CCCA9E3000D49E2 /* Protocols */,
			);
			path = Core;
			sourceTree = "<group>";
		};
		476B01D61CCC8E43003510D3 /* Externals */ = {
			isa = PBXGroup;
			children = (
			);
			name = Externals;
			sourceTree = "<group>";
		};
		476BB46A1CCCA9E3000D49E2 /* Protocols */ = {
			isa = PBXGroup;
			children = (
				476BB4641CCCA9DF000D49E2 /* SVGDrawable.swift */,
				476BB4651CCCA9DF000D49E2 /* SVGFillable.swift */,
				476BB4661CCCA9DF000D49E2 /* SVGGradient.swift */,
			);
			name = Protocols;
			sourceTree = "<group>";
		};
/* End PBXGroup section */

/* Begin PBXHeadersBuildPhase section */
		471318741CCDE330005FEABB /* Headers */ = {
			isa = PBXHeadersBuildPhase;
			buildActionMask = 2147483647;
			files = (
				47386B991CCDFCE70017DDB8 /* Vectorized.h in Headers */,
			);
			runOnlyForDeploymentPostprocessing = 0;
		};
		476B01C51CCC89F2003510D3 /* Headers */ = {
			isa = PBXHeadersBuildPhase;
			buildActionMask = 2147483647;
			files = (
			);
			runOnlyForDeploymentPostprocessing = 0;
		};
/* End PBXHeadersBuildPhase section */

/* Begin PBXNativeTarget section */
		471318761CCDE330005FEABB /* Vectorized-iOS */ = {
			isa = PBXNativeTarget;
			buildConfigurationList = 4713187C1CCDE330005FEABB /* Build configuration list for PBXNativeTarget "Vectorized-iOS" */;
			buildPhases = (
				471318721CCDE330005FEABB /* Sources */,
				471318731CCDE330005FEABB /* Frameworks */,
				471318741CCDE330005FEABB /* Headers */,
				471318751CCDE330005FEABB /* Resources */,
				47657E371CCE813100A4424A /* CopyFiles */,
			);
			buildRules = (
			);
			dependencies = (
			);
			name = "Vectorized-iOS";
			productName = Vectorized;
			productReference = 471318771CCDE330005FEABB /* Vectorized.framework */;
			productType = "com.apple.product-type.framework";
		};
		476B01C71CCC89F2003510D3 /* Vectorized-Mac */ = {
			isa = PBXNativeTarget;
			buildConfigurationList = 476B01D01CCC89F2003510D3 /* Build configuration list for PBXNativeTarget "Vectorized-Mac" */;
			buildPhases = (
				476B01C31CCC89F2003510D3 /* Sources */,
				476B01C41CCC89F2003510D3 /* Frameworks */,
				476B01C51CCC89F2003510D3 /* Headers */,
				476B01C61CCC89F2003510D3 /* Resources */,
				471BB7941CCD8E1500871570 /* CopyFiles */,
			);
			buildRules = (
			);
			dependencies = (
			);
			name = "Vectorized-Mac";
			productName = Vectorized;
			productReference = 476B01C81CCC89F2003510D3 /* Vectorized.framework */;
			productType = "com.apple.product-type.framework";
		};
/* End PBXNativeTarget section */

/* Begin PBXProject section */
		476B01BF1CCC89F2003510D3 /* Project object */ = {
			isa = PBXProject;
			attributes = {
				LastUpgradeCheck = 0730;
				ORGANIZATIONNAME = "Alien Orb Software LLC";
				TargetAttributes = {
					471318761CCDE330005FEABB = {
						CreatedOnToolsVersion = 7.3;
						DevelopmentTeam = HYB7NYGE37;
					};
					476B01C71CCC89F2003510D3 = {
						CreatedOnToolsVersion = 7.3;
					};
				};
			};
			buildConfigurationList = 476B01C21CCC89F2003510D3 /* Build configuration list for PBXProject "Vectorized" */;
			compatibilityVersion = "Xcode 6.3";
			developmentRegion = English;
			hasScannedForEncodings = 0;
			knownRegions = (
				en,
			);
			mainGroup = 476B01BE1CCC89F2003510D3;
			productRefGroup = 476B01C91CCC89F2003510D3 /* Products */;
			projectDirPath = "";
			projectRoot = "";
			targets = (
				476B01C71CCC89F2003510D3 /* Vectorized-Mac */,
				471318761CCDE330005FEABB /* Vectorized-iOS */,
			);
		};
/* End PBXProject section */

/* Begin PBXResourcesBuildPhase section */
		471318751CCDE330005FEABB /* Resources */ = {
			isa = PBXResourcesBuildPhase;
			buildActionMask = 2147483647;
			files = (
			);
			runOnlyForDeploymentPostprocessing = 0;
		};
		476B01C61CCC89F2003510D3 /* Resources */ = {
			isa = PBXResourcesBuildPhase;
			buildActionMask = 2147483647;
			files = (
			);
			runOnlyForDeploymentPostprocessing = 0;
		};
/* End PBXResourcesBuildPhase section */

/* Begin PBXSourcesBuildPhase section */
		471318721CCDE330005FEABB /* Sources */ = {
			isa = PBXSourcesBuildPhase;
			buildActionMask = 2147483647;
			files = (
				47D6996C1CCE07C300553899 /* SVGGroup.swift in Sources */,
				47D699701CCE07C300553899 /* SVGRadialGradient.swift in Sources */,
				47D699751CCE07C800553899 /* SVGDrawable.swift in Sources */,
				47D699761CCE07C800553899 /* SVGFillable.swift in Sources */,
				47D6996F1CCE07C300553899 /* SVGPath.swift in Sources */,
				47D699771CCE07C800553899 /* SVGGradient.swift in Sources */,
				47D6996B1CCE07C300553899 /* CrossPlatform.swift in Sources */,
				47D699711CCE07C300553899 /* SVGText.swift in Sources */,
				47D699721CCE07C300553899 /* SVGVectorImage.swift in Sources */,
				47D699781CCE07CC00553899 /* SVGView.swift in Sources */,
				47D699731CCE07C300553899 /* SVGBezierPath.swift in Sources */,
				47D6996D1CCE07C300553899 /* SVGLinearGradient.swift in Sources */,
				47D699741CCE07C300553899 /* SVGColor+Hex.swift in Sources */,
				47D6996E1CCE07C300553899 /* SVGParser.swift in Sources */,
			);
			runOnlyForDeploymentPostprocessing = 0;
		};
		476B01C31CCC89F2003510D3 /* Sources */ = {
			isa = PBXSourcesBuildPhase;
			buildActionMask = 2147483647;
			files = (
				476BB45A1CCC9AEF000D49E2 /* SVGGroup.swift in Sources */,
				476BB45C1CCC9AEF000D49E2 /* SVGPath.swift in Sources */,
				476BB4671CCCA9DF000D49E2 /* SVGDrawable.swift in Sources */,
				471BB7621CCD889300871570 /* SVGView.swift in Sources */,
				471318571CCDACD1005FEABB /* CrossPlatform.swift in Sources */,
				476BB4691CCCA9DF000D49E2 /* SVGGradient.swift in Sources */,
				476B01DB1CCC8EE2003510D3 /* SVGParser.swift in Sources */,
				476BB46C1CCCACAC000D49E2 /* SVGVectorImage.swift in Sources */,
				471318591CCDB27E005FEABB /* SVGColor+Hex.swift in Sources */,
				476BB45E1CCC9AEF000D49E2 /* SVGText.swift in Sources */,
				476BB46E1CCCBA0B000D49E2 /* SVGBezierPath.swift in Sources */,
				476BB45D1CCC9AEF000D49E2 /* SVGRadialGradient.swift in Sources */,
				476BB45B1CCC9AEF000D49E2 /* SVGLinearGradient.swift in Sources */,
				476BB4681CCCA9DF000D49E2 /* SVGFillable.swift in Sources */,
			);
			runOnlyForDeploymentPostprocessing = 0;
		};
/* End PBXSourcesBuildPhase section */

/* Begin XCBuildConfiguration section */
		4713187D1CCDE330005FEABB /* Debug */ = {
			isa = XCBuildConfiguration;
			baseConfigurationReference = 471318801CCDE3D0005FEABB /* iOS-Framework-Debug.xcconfig */;
			buildSettings = {
				FRAMEWORK_SEARCH_PATHS = (
					"$(inherited)",
					"$(PROJECT_DIR)/Carthage/Build/iOS",
				);
				OTHER_LDFLAGS = "-lxml2";
				PROVISIONING_PROFILE = "";
			};
			name = Debug;
		};
		4713187E1CCDE330005FEABB /* Release */ = {
			isa = XCBuildConfiguration;
			baseConfigurationReference = 471318811CCDE3D0005FEABB /* iOS-Framework-Release.xcconfig */;
			buildSettings = {
				FRAMEWORK_SEARCH_PATHS = (
					"$(inherited)",
					"$(PROJECT_DIR)/Carthage/Build/iOS",
				);
				OTHER_LDFLAGS = "-lxml2";
				PROVISIONING_PROFILE = "";
			};
			name = Release;
		};
		476B01CE1CCC89F2003510D3 /* Debug */ = {
			isa = XCBuildConfiguration;
			baseConfigurationReference = 471318441CCDA952005FEABB /* Project-Debug.xcconfig */;
			buildSettings = {
				CODE_SIGN_IDENTITY = "-";
				CURRENT_PROJECT_VERSION = 1;
				HEADER_SEARCH_PATHS = "";
				SWIFT_INCLUDE_PATHS = "";
			};
			name = Debug;
		};
		476B01CF1CCC89F2003510D3 /* Release */ = {
			isa = XCBuildConfiguration;
			baseConfigurationReference = 471318451CCDA952005FEABB /* Project-Release.xcconfig */;
			buildSettings = {
				CODE_SIGN_IDENTITY = "-";
				CURRENT_PROJECT_VERSION = 1;
				HEADER_SEARCH_PATHS = "";
				SWIFT_INCLUDE_PATHS = "";
			};
			name = Release;
		};
		476B01D11CCC89F2003510D3 /* Debug */ = {
			isa = XCBuildConfiguration;
			baseConfigurationReference = 471318691CCDDD64005FEABB /* Mac-Framework-Debug.xcconfig */;
			buildSettings = {
				FRAMEWORK_SEARCH_PATHS = (
					"$(inherited)",
					"$(PROJECT_DIR)/Carthage/Build/Mac",
					"$(PROJECT_DIR)/Carthage/Build/iOS",
				);
				OTHER_LDFLAGS = "-lxml2";
				PRODUCT_BUNDLE_IDENTIFIER = com.alienorb.Vectorized;
			};
			name = Debug;
		};
		476B01D21CCC89F2003510D3 /* Release */ = {
			isa = XCBuildConfiguration;
			baseConfigurationReference = 4713186A1CCDDD64005FEABB /* Mac-Framework-Release.xcconfig */;
			buildSettings = {
				FRAMEWORK_SEARCH_PATHS = (
					"$(inherited)",
					"$(PROJECT_DIR)/Carthage/Build/Mac",
					"$(PROJECT_DIR)/Carthage/Build/iOS",
				);
				OTHER_LDFLAGS = "-lxml2";
				PRODUCT_BUNDLE_IDENTIFIER = com.alienorb.Vectorized;
			};
			name = Release;
		};
/* End XCBuildConfiguration section */

/* Begin XCConfigurationList section */
		4713187C1CCDE330005FEABB /* Build configuration list for PBXNativeTarget "Vectorized-iOS" */ = {
			isa = XCConfigurationList;
			buildConfigurations = (
				4713187D1CCDE330005FEABB /* Debug */,
				4713187E1CCDE330005FEABB /* Release */,
			);
			defaultConfigurationIsVisible = 0;
			defaultConfigurationName = Release;
		};
		476B01C21CCC89F2003510D3 /* Build configuration list for PBXProject "Vectorized" */ = {
			isa = XCConfigurationList;
			buildConfigurations = (
				476B01CE1CCC89F2003510D3 /* Debug */,
				476B01CF1CCC89F2003510D3 /* Release */,
			);
			defaultConfigurationIsVisible = 0;
			defaultConfigurationName = Release;
		};
		476B01D01CCC89F2003510D3 /* Build configuration list for PBXNativeTarget "Vectorized-Mac" */ = {
			isa = XCConfigurationList;
			buildConfigurations = (
				476B01D11CCC89F2003510D3 /* Debug */,
				476B01D21CCC89F2003510D3 /* Release */,
			);
			defaultConfigurationIsVisible = 0;
			defaultConfigurationName = Release;
		};
/* End XCConfigurationList section */
	};
	rootObject = 476B01BF1CCC89F2003510D3 /* Project object */;
}
